
Microsoft Visual Studio Solution File, Format Version 12.00
# Visual Studio Version 16
VisualStudioVersion = 16.0.32002.261
MinimumVisualStudioVersion = 10.0.40219.1
Project("{FAE04EC0-301F-11D3-BF4B-00C04F79EFBC}") = "numero_do_mes", "numero_do_mes.csproj", "{286E4F10-01F7-4BAA-8629-F3C60F2FD0D8}"
EndProject
Global
	GlobalSection(SolutionConfigurationPlatforms) = preSolution
		Debug|Any CPU = Debug|Any CPU
		Release|Any CPU = Release|Any CPU
	EndGlobalSection
	GlobalSection(ProjectConfigurationPlatforms) = postSolution
		{286E4F10-01F7-4BAA-8629-F3C60F2FD0D8}.Debug|Any CPU.ActiveCfg = Debug|Any CPU
		{286E4F10-01F7-4BAA-8629-F3C60F2FD0D8}.Debug|Any CPU.Build.0 = Debug|Any CPU
		{286E4F10-01F7-4BAA-8629-F3C60F2FD0D8}.Release|Any CPU.ActiveCfg = Release|Any CPU
		{286E4F10-01F7-4BAA-8629-F3C60F2FD0D8}.Release|Any CPU.Build.0 = Release|Any CPU
	EndGlobalSection
	GlobalSection(SolutionProperties) = preSolution
		HideSolutionNode = FALSE
	EndGlobalSection
	GlobalSection(ExtensibilityGlobals) = postSolution
		SolutionGuid = {1A0C281D-19C5-479E-9507-96F12BC4FF4F}
	EndGlobalSection
EndGlobal
